
Microsoft Visual Studio Solution File, Format Version 12.00
# Visual Studio Version 17
VisualStudioVersion = 17.10.34928.147
MinimumVisualStudioVersion = 10.0.40219.1
Project("{FAE04EC0-301F-11D3-BF4B-00C04F79EFBC}") = "Juego ardilla", "Juego ardilla\Juego ardilla.csproj", "{4E9061FC-2202-4ACE-A86B-9ACE56CDC0F8}"
EndProject
Global
	GlobalSection(SolutionConfigurationPlatforms) = preSolution
		Debug|Any CPU = Debug|Any CPU
		Release|Any CPU = Release|Any CPU
	EndGlobalSection
	GlobalSection(ProjectConfigurationPlatforms) = postSolution
		{4E9061FC-2202-4ACE-A86B-9ACE56CDC0F8}.Debug|Any CPU.ActiveCfg = Debug|Any CPU
		{4E9061FC-2202-4ACE-A86B-9ACE56CDC0F8}.Debug|Any CPU.Build.0 = Debug|Any CPU
		{4E9061FC-2202-4ACE-A86B-9ACE56CDC0F8}.Release|Any CPU.ActiveCfg = Release|Any CPU
		{4E9061FC-2202-4ACE-A86B-9ACE56CDC0F8}.Release|Any CPU.Build.0 = Release|Any CPU
	EndGlobalSection
	GlobalSection(SolutionProperties) = preSolution
		HideSolutionNode = FALSE
	EndGlobalSection
	GlobalSection(ExtensibilityGlobals) = postSolution
		SolutionGuid = {4778A0B7-4186-4E24-90B2-8AFC67B7A2E3}
	EndGlobalSection
EndGlobal
